
Microsoft Visual Studio Solution File, Format Version 12.00
# Visual Studio Version 17
VisualStudioVersion = 17.14.36301.6 d17.14
MinimumVisualStudioVersion = 10.0.40219.1
Project("{FAE04EC0-301F-11D3-BF4B-00C04F79EFBC}") = "GymMangementPL", "GymMangementPL\GymMangementPL.csproj", "{2361B51A-0F58-4EFF-A939-6A4BB3BD5D6C}"
EndProject
Project("{FAE04EC0-301F-11D3-BF4B-00C04F79EFBC}") = "GymMangementBLL", "GymMangementBLL\GymMangementBLL.csproj", "{A15720EB-409F-4DA3-A5DC-F3CBD8F08FF4}"
EndProject
Project("{FAE04EC0-301F-11D3-BF4B-00C04F79EFBC}") = "GymMangementDAL", "GymMangementDAL\GymMangementDAL.csproj", "{7C21C8AE-852A-4AEF-BEE5-734A4C59E8D8}"
EndProject
Global
	GlobalSection(SolutionConfigurationPlatforms) = preSolution
		Debug|Any CPU = Debug|Any CPU
		Release|Any CPU = Release|Any CPU
	EndGlobalSection
	GlobalSection(ProjectConfigurationPlatforms) = postSolution
		{2361B51A-0F58-4EFF-A939-6A4BB3BD5D6C}.Debug|Any CPU.ActiveCfg = Debug|Any CPU
		{2361B51A-0F58-4EFF-A939-6A4BB3BD5D6C}.Debug|Any CPU.Build.0 = Debug|Any CPU
		{2361B51A-0F58-4EFF-A939-6A4BB3BD5D6C}.Release|Any CPU.ActiveCfg = Release|Any CPU
		{2361B51A-0F58-4EFF-A939-6A4BB3BD5D6C}.Release|Any CPU.Build.0 = Release|Any CPU
		{A15720EB-409F-4DA3-A5DC-F3CBD8F08FF4}.Debug|Any CPU.ActiveCfg = Debug|Any CPU
		{A15720EB-409F-4DA3-A5DC-F3CBD8F08FF4}.Debug|Any CPU.Build.0 = Debug|Any CPU
		{A15720EB-409F-4DA3-A5DC-F3CBD8F08FF4}.Release|Any CPU.ActiveCfg = Release|Any CPU
		{A15720EB-409F-4DA3-A5DC-F3CBD8F08FF4}.Release|Any CPU.Build.0 = Release|Any CPU
		{7C21C8AE-852A-4AEF-BEE5-734A4C59E8D8}.Debug|Any CPU.ActiveCfg = Debug|Any CPU
		{7C21C8AE-852A-4AEF-BEE5-734A4C59E8D8}.Debug|Any CPU.Build.0 = Debug|Any CPU
		{7C21C8AE-852A-4AEF-BEE5-734A4C59E8D8}.Release|Any CPU.ActiveCfg = Release|Any CPU
		{7C21C8AE-852A-4AEF-BEE5-734A4C59E8D8}.Release|Any CPU.Build.0 = Release|Any CPU
	EndGlobalSection
	GlobalSection(SolutionProperties) = preSolution
		HideSolutionNode = FALSE
	EndGlobalSection
	GlobalSection(ExtensibilityGlobals) = postSolution
		SolutionGuid = {4D95D53B-CA01-4405-BA8A-C96C4CCBB9B3}
	EndGlobalSection
EndGlobal
